
Microsoft Visual Studio Solution File, Format Version 12.00
# Visual Studio Version 17
VisualStudioVersion = 17.5.33516.290
MinimumVisualStudioVersion = 10.0.40219.1
Project("{FAE04EC0-301F-11D3-BF4B-00C04F79EFBC}") = "DVT_2020_L03_OpenGL", "DVT_2020_L03_OpenGL\DVT_2020_L03_OpenGL.csproj", "{27690287-8619-44B6-B24F-36D981A047DE}"
EndProject
Global
	GlobalSection(SolutionConfigurationPlatforms) = preSolution
		Debug|Any CPU = Debug|Any CPU
		Release|Any CPU = Release|Any CPU
	EndGlobalSection
	GlobalSection(ProjectConfigurationPlatforms) = postSolution
		{27690287-8619-44B6-B24F-36D981A047DE}.Debug|Any CPU.ActiveCfg = Debug|Any CPU
		{27690287-8619-44B6-B24F-36D981A047DE}.Debug|Any CPU.Build.0 = Debug|Any CPU
		{27690287-8619-44B6-B24F-36D981A047DE}.Release|Any CPU.ActiveCfg = Release|Any CPU
		{27690287-8619-44B6-B24F-36D981A047DE}.Release|Any CPU.Build.0 = Release|Any CPU
	EndGlobalSection
	GlobalSection(SolutionProperties) = preSolution
		HideSolutionNode = FALSE
	EndGlobalSection
	GlobalSection(ExtensibilityGlobals) = postSolution
		SolutionGuid = {B18AB777-4DBC-458B-A43F-770747BCB333}
	EndGlobalSection
EndGlobal
